
Microsoft Visual Studio Solution File, Format Version 10.00
# Visual Studio 2008
Project("{8BC9CEB8-8B4A-11D0-8D11-00A0C91BC942}") = "b_rc4", "c_rc4.vcproj", "{3593918A-6943-4A87-B0EC-7D351FFEB2DA}"
EndProject
Global
	GlobalSection(SolutionConfigurationPlatforms) = preSolution
		Debug|Win32 = Debug|Win32
		Release|Win32 = Release|Win32
	EndGlobalSection
	GlobalSection(ProjectConfigurationPlatforms) = postSolution
		{3593918A-6943-4A87-B0EC-7D351FFEB2DA}.Debug|Win32.ActiveCfg = Debug|Win32
		{3593918A-6943-4A87-B0EC-7D351FFEB2DA}.Debug|Win32.Build.0 = Debug|Win32
		{3593918A-6943-4A87-B0EC-7D351FFEB2DA}.Release|Win32.ActiveCfg = Release|Win32
		{3593918A-6943-4A87-B0EC-7D351FFEB2DA}.Release|Win32.Build.0 = Release|Win32
	EndGlobalSection
	GlobalSection(SolutionProperties) = preSolution
		HideSolutionNode = FALSE
	EndGlobalSection
EndGlobal
